
Microsoft Visual Studio Solution File, Format Version 12.00
# Visual Studio Version 17
VisualStudioVersion = 17.14.36414.22
MinimumVisualStudioVersion = 10.0.40219.1
Project("{FAE04EC0-301F-11D3-BF4B-00C04F79EFBC}") = "Warehouse.Back", "Lab_2\Warehouse.Back.csproj", "{8435BC8B-60CA-4FEF-A944-B002DF757AA6}"
EndProject
Project("{FAE04EC0-301F-11D3-BF4B-00C04F79EFBC}") = "Warehouse.Front", "Warehouse.Front\Warehouse.Front.csproj", "{DD364E24-8E9F-4690-88BC-70AE1A2C4275}"
EndProject
Project("{FAE04EC0-301F-11D3-BF4B-00C04F79EFBC}") = "Warehouse.Tests", "Warehouse.Tests\Warehouse.Tests.csproj", "{AFE151B1-E354-4589-84FB-244D13543FD1}"
EndProject
Global
	GlobalSection(SolutionConfigurationPlatforms) = preSolution
		Debug|Any CPU = Debug|Any CPU
		Release|Any CPU = Release|Any CPU
	EndGlobalSection
	GlobalSection(ProjectConfigurationPlatforms) = postSolution
		{8435BC8B-60CA-4FEF-A944-B002DF757AA6}.Debug|Any CPU.ActiveCfg = Debug|Any CPU
		{8435BC8B-60CA-4FEF-A944-B002DF757AA6}.Debug|Any CPU.Build.0 = Debug|Any CPU
		{8435BC8B-60CA-4FEF-A944-B002DF757AA6}.Release|Any CPU.ActiveCfg = Release|Any CPU
		{8435BC8B-60CA-4FEF-A944-B002DF757AA6}.Release|Any CPU.Build.0 = Release|Any CPU
		{DD364E24-8E9F-4690-88BC-70AE1A2C4275}.Debug|Any CPU.ActiveCfg = Debug|Any CPU
		{DD364E24-8E9F-4690-88BC-70AE1A2C4275}.Debug|Any CPU.Build.0 = Debug|Any CPU
		{DD364E24-8E9F-4690-88BC-70AE1A2C4275}.Release|Any CPU.ActiveCfg = Release|Any CPU
		{DD364E24-8E9F-4690-88BC-70AE1A2C4275}.Release|Any CPU.Build.0 = Release|Any CPU
		{AFE151B1-E354-4589-84FB-244D13543FD1}.Debug|Any CPU.ActiveCfg = Debug|Any CPU
		{AFE151B1-E354-4589-84FB-244D13543FD1}.Debug|Any CPU.Build.0 = Debug|Any CPU
		{AFE151B1-E354-4589-84FB-244D13543FD1}.Release|Any CPU.ActiveCfg = Release|Any CPU
		{AFE151B1-E354-4589-84FB-244D13543FD1}.Release|Any CPU.Build.0 = Release|Any CPU
	EndGlobalSection
	GlobalSection(SolutionProperties) = preSolution
		HideSolutionNode = FALSE
	EndGlobalSection
	GlobalSection(ExtensibilityGlobals) = postSolution
		SolutionGuid = {4A652151-7AA8-459B-A630-CA7EF2670D95}
	EndGlobalSection
EndGlobal
