
Microsoft Visual Studio Solution File, Format Version 12.00
# Visual Studio Version 17
VisualStudioVersion = 17.14.36414.22
MinimumVisualStudioVersion = 10.0.40219.1
Project("{FAE04EC0-301F-11D3-BF4B-00C04F79EFBC}") = "WPEngine", "WPCalculator\WPEngine.csproj", "{A84F6ED4-2B12-4540-8B9D-E14B64BA8DF9}"
EndProject
Project("{FAE04EC0-301F-11D3-BF4B-00C04F79EFBC}") = "WpfApp1", "WpfApp1\WpfApp1.csproj", "{409F9E56-FDDF-4F08-8302-6CE1BD97AAAC}"
EndProject
Global
	GlobalSection(SolutionConfigurationPlatforms) = preSolution
		Debug|Any CPU = Debug|Any CPU
		Release|Any CPU = Release|Any CPU
	EndGlobalSection
	GlobalSection(ProjectConfigurationPlatforms) = postSolution
		{A84F6ED4-2B12-4540-8B9D-E14B64BA8DF9}.Debug|Any CPU.ActiveCfg = Debug|Any CPU
		{A84F6ED4-2B12-4540-8B9D-E14B64BA8DF9}.Debug|Any CPU.Build.0 = Debug|Any CPU
		{A84F6ED4-2B12-4540-8B9D-E14B64BA8DF9}.Release|Any CPU.ActiveCfg = Release|Any CPU
		{A84F6ED4-2B12-4540-8B9D-E14B64BA8DF9}.Release|Any CPU.Build.0 = Release|Any CPU
		{409F9E56-FDDF-4F08-8302-6CE1BD97AAAC}.Debug|Any CPU.ActiveCfg = Debug|Any CPU
		{409F9E56-FDDF-4F08-8302-6CE1BD97AAAC}.Debug|Any CPU.Build.0 = Debug|Any CPU
		{409F9E56-FDDF-4F08-8302-6CE1BD97AAAC}.Release|Any CPU.ActiveCfg = Release|Any CPU
		{409F9E56-FDDF-4F08-8302-6CE1BD97AAAC}.Release|Any CPU.Build.0 = Release|Any CPU
	EndGlobalSection
	GlobalSection(SolutionProperties) = preSolution
		HideSolutionNode = FALSE
	EndGlobalSection
	GlobalSection(ExtensibilityGlobals) = postSolution
		SolutionGuid = {318BA636-4DFC-427D-835C-472F18B0254D}
	EndGlobalSection
EndGlobal
